
Microsoft Visual Studio Solution File, Format Version 12.00
# Visual Studio 15
VisualStudioVersion = 15.0.26124.0
MinimumVisualStudioVersion = 15.0.26124.0
Project("{FAE04EC0-301F-11D3-BF4B-00C04F79EFBC}") = "NineChronicles.HttpGateway", "NineChronicles.HttpGateway\NineChronicles.HttpGateway.csproj", "{336D6E87-CB4B-44D2-B571-141AD7432AF6}"
EndProject
Project("{FAE04EC0-301F-11D3-BF4B-00C04F79EFBC}") = "NineChronicles.HttpGateway.Tests", "NineChronicles.HttpGateway.Tests\NineChronicles.HttpGateway.Tests.csproj", "{7CEFD48A-A9AE-476D-B1CD-8F5CCB8BAA80}"
EndProject
Project("{FAE04EC0-301F-11D3-BF4B-00C04F79EFBC}") = "NineChronicles.RPC.Shared", "NineChronicles.RPC.Shared\NineChronicles.RPC.Shared\NineChronicles.RPC.Shared.csproj", "{59572ED6-E8AE-438D-A214-D79DC61D700E}"
EndProject
Global
	GlobalSection(SolutionConfigurationPlatforms) = preSolution
		Debug|Any CPU = Debug|Any CPU
		Debug|x64 = Debug|x64
		Debug|x86 = Debug|x86
		Release|Any CPU = Release|Any CPU
		Release|x64 = Release|x64
		Release|x86 = Release|x86
	EndGlobalSection
	GlobalSection(SolutionProperties) = preSolution
		HideSolutionNode = FALSE
	EndGlobalSection
	GlobalSection(ProjectConfigurationPlatforms) = postSolution
		{336D6E87-CB4B-44D2-B571-141AD7432AF6}.Debug|Any CPU.ActiveCfg = Debug|Any CPU
		{336D6E87-CB4B-44D2-B571-141AD7432AF6}.Debug|Any CPU.Build.0 = Debug|Any CPU
		{336D6E87-CB4B-44D2-B571-141AD7432AF6}.Debug|x64.ActiveCfg = Debug|Any CPU
		{336D6E87-CB4B-44D2-B571-141AD7432AF6}.Debug|x64.Build.0 = Debug|Any CPU
		{336D6E87-CB4B-44D2-B571-141AD7432AF6}.Debug|x86.ActiveCfg = Debug|Any CPU
		{336D6E87-CB4B-44D2-B571-141AD7432AF6}.Debug|x86.Build.0 = Debug|Any CPU
		{336D6E87-CB4B-44D2-B571-141AD7432AF6}.Release|Any CPU.ActiveCfg = Release|Any CPU
		{336D6E87-CB4B-44D2-B571-141AD7432AF6}.Release|Any CPU.Build.0 = Release|Any CPU
		{336D6E87-CB4B-44D2-B571-141AD7432AF6}.Release|x64.ActiveCfg = Release|Any CPU
		{336D6E87-CB4B-44D2-B571-141AD7432AF6}.Release|x64.Build.0 = Release|Any CPU
		{336D6E87-CB4B-44D2-B571-141AD7432AF6}.Release|x86.ActiveCfg = Release|Any CPU
		{336D6E87-CB4B-44D2-B571-141AD7432AF6}.Release|x86.Build.0 = Release|Any CPU
		{7CEFD48A-A9AE-476D-B1CD-8F5CCB8BAA80}.Debug|Any CPU.ActiveCfg = Debug|Any CPU
		{7CEFD48A-A9AE-476D-B1CD-8F5CCB8BAA80}.Debug|Any CPU.Build.0 = Debug|Any CPU
		{7CEFD48A-A9AE-476D-B1CD-8F5CCB8BAA80}.Debug|x64.ActiveCfg = Debug|Any CPU
		{7CEFD48A-A9AE-476D-B1CD-8F5CCB8BAA80}.Debug|x64.Build.0 = Debug|Any CPU
		{7CEFD48A-A9AE-476D-B1CD-8F5CCB8BAA80}.Debug|x86.ActiveCfg = Debug|Any CPU
		{7CEFD48A-A9AE-476D-B1CD-8F5CCB8BAA80}.Debug|x86.Build.0 = Debug|Any CPU
		{7CEFD48A-A9AE-476D-B1CD-8F5CCB8BAA80}.Release|Any CPU.ActiveCfg = Release|Any CPU
		{7CEFD48A-A9AE-476D-B1CD-8F5CCB8BAA80}.Release|Any CPU.Build.0 = Release|Any CPU
		{7CEFD48A-A9AE-476D-B1CD-8F5CCB8BAA80}.Release|x64.ActiveCfg = Release|Any CPU
		{7CEFD48A-A9AE-476D-B1CD-8F5CCB8BAA80}.Release|x64.Build.0 = Release|Any CPU
		{7CEFD48A-A9AE-476D-B1CD-8F5CCB8BAA80}.Release|x86.ActiveCfg = Release|Any CPU
		{7CEFD48A-A9AE-476D-B1CD-8F5CCB8BAA80}.Release|x86.Build.0 = Release|Any CPU
		{59572ED6-E8AE-438D-A214-D79DC61D700E}.Debug|Any CPU.ActiveCfg = Debug|Any CPU
		{59572ED6-E8AE-438D-A214-D79DC61D700E}.Debug|Any CPU.Build.0 = Debug|Any CPU
		{59572ED6-E8AE-438D-A214-D79DC61D700E}.Debug|x64.ActiveCfg = Debug|Any CPU
		{59572ED6-E8AE-438D-A214-D79DC61D700E}.Debug|x64.Build.0 = Debug|Any CPU
		{59572ED6-E8AE-438D-A214-D79DC61D700E}.Debug|x86.ActiveCfg = Debug|Any CPU
		{59572ED6-E8AE-438D-A214-D79DC61D700E}.Debug|x86.Build.0 = Debug|Any CPU
		{59572ED6-E8AE-438D-A214-D79DC61D700E}.Release|Any CPU.ActiveCfg = Release|Any CPU
		{59572ED6-E8AE-438D-A214-D79DC61D700E}.Release|Any CPU.Build.0 = Release|Any CPU
		{59572ED6-E8AE-438D-A214-D79DC61D700E}.Release|x64.ActiveCfg = Release|Any CPU
		{59572ED6-E8AE-438D-A214-D79DC61D700E}.Release|x64.Build.0 = Release|Any CPU
		{59572ED6-E8AE-438D-A214-D79DC61D700E}.Release|x86.ActiveCfg = Release|Any CPU
		{59572ED6-E8AE-438D-A214-D79DC61D700E}.Release|x86.Build.0 = Release|Any CPU
	EndGlobalSection
EndGlobal
